// !$*UTF8*$!
{
	archiveVersion = 1;
	classes = {
	};
	objectVersion = 46;
	objects = {

		D6F463BDA4211DB277B2A426 = {isa = PBXBuildFile; fileRef = 31C4F2867A9967C2BFE5CCD0; };
		9BB50227FBFB98339604D399 = {isa = PBXBuildFile; fileRef = 028CF5AC39C7A578E6A57A0F; };
		9ED6A746634D4C61C4E7BC04 = {isa = PBXBuildFile; fileRef = 77D4AA1957591F4F3F01BB66; };
		2F8E356A7C04606C8BA58210 = {isa = PBXBuildFile; fileRef = 677DA9880D21BC06A10A40D9; };
		4C3C28C13E71C05F3E77CB84 = {isa = PBXBuildFile; fileRef = ED1E0E9834EC3BAC9F38788F; };
		6C6EC355A51C0AFFA48B1A16 = {isa = PBXBuildFile; fileRef = F9C31FCBA7ACD71CE5BE0D64; };
		72468807FB5928289E493501 = {isa = PBXBuildFile; fileRef = B23012AA003BC675E76B1DB6; };
		9285C3167B19DB6E5DE8E266 = {isa = PBXBuildFile; fileRef = 0F807870800679FB6A459297; };
		4214F61D2A1CCFA439543C7D = {isa = PBXBuildFile; fileRef = 7EF6530CAA6B6E016D985E29; };
		3B16B2116B82135E55A8F8C4 = {isa = PBXBuildFile; fileRef = 9CB0E5BE6875F749AC8CE280; };
		EC76D48E2E18BA1B570C3910 = {isa = PBXBuildFile; fileRef = 125E7312EB1B5D8875B32B90; };
		973701A7C226DCB90A70F1F6 = {isa = PBXBuildFile; fileRef = FF0D42AAD89F5C7018214485; };
		7E855BB0725F536250A39C12 = {isa = PBXBuildFile; fileRef = A913ACE8ED1E4CE8D0B494F0; };
		1EC28B8263347BE35E366B7A = {isa = PBXBuildFile; fileRef = 3C9BEB786C458D30DAF576E9; };
		0FC344171A3C4ECD2A4F41BC = {isa = PBXBuildFile; fileRef = 2049806A1FD0BD6E32CA90A0; };
		C2146A221CC15B888B1A2CB4 = {isa = PBXBuildFile; fileRef = 8C0B6A0A7753FAAA61EB6D9F; };
		945A6DDE93E60566B2E0EBEA = {isa = PBXBuildFile; fileRef = 3ED5418AAD00C97B3779F269; };
		ECD3D4D3CFDA97EDC20FA51B = {isa = PBXBuildFile; fileRef = F94D114B8838AAB41CCDFD2E; };
		16A41C56B628EE3E91440487 = {isa = PBXBuildFile; fileRef = E66954D42845073FA9860223; };
		8579FC889BB38A63585FCEA8 = {isa = PBXBuildFile; fileRef = AC7CE9A4690748DAA48E5EEF; };
		206DD6987A122A915B904961 = {isa = PBXBuildFile; fileRef = 45A64BCEF65B73C477162DE1; };
		995BD761E2B04259258DCFB0 = {isa = PBXBuildFile; fileRef = 55B4EEE6D7DC47DC8E1DC426; };
		7AB962A3DEBDABDE46EC77DE = {isa = PBXBuildFile; fileRef = B872706229492299D1EEBF2A; };
		D5D40B6639F1D34399B6A16E = {isa = PBXBuildFile; fileRef = 376ADF65C71241CA40D8A7E9; };
		48E756B7D962BA5FDD01BE59 = {isa = PBXBuildFile; fileRef = 194A06392F24C61B7C642549; };
		4336847F18B9C972152CEF0D = {isa = PBXBuildFile; fileRef = 3DA9704C44F7440A3D59EAF0; };
		A08A20D2495FDCAA46968467 = {isa = PBXBuildFile; fileRef = 838961A586FA03EF42ACC899; };
		B69E87A94A4AB1B31E70FED2 = {isa = PBXBuildFile; fileRef = 9D029526081FD74923B46089; };
		E8FF413B25A11199C9F3A2ED = {isa = PBXBuildFile; fileRef = C27DEC46DCADBE1C27842C79; };
		5108EDA1700F9B11F66F5FD6 = {isa = PBXBuildFile; fileRef = 32475768860A6E5A3F42E297; };
		33EFC5723D4B9885829B2168 = {isa = PBXBuildFile; fileRef = 5C34ADC11B6C5259ACC3329F; };
		DAFBC50CEF564254A05A5DBC = {isa = PBXBuildFile; fileRef = F5F1FF9D5B6453ECC04046BC; };
		F87360F2698947762B7199D4 = {isa = PBXBuildFile; fileRef = 8F2C3796606B55C1C602BB4D; };
		C74509E1BB1D6FB245649CA8 = {isa = PBXBuildFile; fileRef = C6D82F20948F0036F9BB4686; };
		4A0706EB0A1BD246004DBF24 = {isa = PBXBuildFile; fileRef = 1EE19D5CF6CAF2B186FFF882; };
		7E37D5ABE3FFB61BDE9C2EF8 = {isa = PBXBuildFile; fileRef = 30882B4FE4C4E6A877DCE4EC; };
		D1BAA4A1432103D47914763A = {isa = PBXBuildFile; fileRef = 666189942BB7F13FD0D10015; };
		337BB4AAB44C1B78508A76E9 = {isa = PBXBuildFile; fileRef = EDBD4F8EE8EC037F6435EBD5; };
		D7FFA0A24106A43E3FB9D7AF = {isa = PBXBuildFile; fileRef = F6F93FC5B56A79D2A54B5BE9; };
		02A191654AB0D1A825B87587 = {isa = PBXBuildFile; fileRef = 2B46C15506FF6F01005CAABA; };
		7C545B73F8E9E8902D78B41B = {isa = PBXBuildFile; fileRef = 8A48B172805AD9C154C43A20; };
		9B28A86295A0A4D4BAE76FBC = {isa = PBXBuildFile; fileRef = 0CD8C3A572BC31F6E1FB8BF6; };
		F0E880E8AC90160D593F41B5 = {isa = PBXBuildFile; fileRef = BCF153C16FE76C1AEF510609; };
		62D092E14E832514771869DD = {isa = PBXBuildFile; fileRef = 12F2A29F701C8324D6705927; };
		7E047A1F4765452D5009E037 = {isa = PBXBuildFile; fileRef = 76AF5018464428D3E13345D2; };
		0F35861554B039552A4D691A = {isa = PBXBuildFile; fileRef = 82D3D12C754B64BD6EF26187; };
		D32FC7C2478F15A765CFC6F2 = {isa = PBXBuildFile; fileRef = 74A5FF051F084D61CB06FE52; };
		78295A9769E93B9B146BDC37 = {isa = PBXBuildFile; fileRef = 64BCF1797A74D070111015EF; };
		8A2D26346BE8629BF039ED65 = {isa = PBXBuildFile; fileRef = BE92639620D583C3F7EF9F20; };
		31C4F2867A9967C2BFE5CCD0 = {isa = PBXFileReference; explicitFileType = wrapper.cfbundle; includeInIndex = 0; path = WillStereoDelay.vst; sourceTree = "BUILT_PRODUCTS_DIR"; };
		028CF5AC39C7A578E6A57A0F = {isa = PBXFileReference; explicitFileType = wrapper.cfbundle; includeInIndex = 0; path = WillStereoDelay.component; sourceTree = "BUILT_PRODUCTS_DIR"; };
		08EDD7C534943E14B4DF9420 = {isa = PBXFileReference; lastKnownFileType = sourcecode.c.h; name = PluginProcessor.h; path = ../../Source/PluginProcessor.h; sourceTree = "SOURCE_ROOT"; };
		0CD8C3A572BC31F6E1FB8BF6 = {isa = PBXFileReference; lastKnownFileType = sourcecode.cpp.objcpp; name = "include_juce_cryptography.mm"; path = "../../JuceLibraryCode/include_juce_cryptography.mm"; sourceTree = "SOURCE_ROOT"; };
		0F807870800679FB6A459297 = {isa = PBXFileReference; lastKnownFileType = wrapper.framework; name = AVFoundation.framework; path = System/Library/Frameworks/AVFoundation.framework; sourceTree = SDKROOT; };
		1128169A025BA4849328C211 = {isa = PBXFileReference; lastKnownFileType = text.plist.xml; name = "Info-AU.plist"; path = "Info-AU.plist"; sourceTree = "SOURCE_ROOT"; };
		125E7312EB1B5D8875B32B90 = {isa = PBXFileReference; lastKnownFileType = wrapper.framework; name = Cocoa.framework; path = System/Library/Frameworks/Cocoa.framework; sourceTree = SDKROOT; };
		12F2A29F701C8324D6705927 = {isa = PBXFileReference; lastKnownFileType = sourcecode.cpp.objcpp; name = "include_juce_events.mm"; path = "../../JuceLibraryCode/include_juce_events.mm"; sourceTree = "SOURCE_ROOT"; };
		194A06392F24C61B7C642549 = {isa = PBXFileReference; lastKnownFileType = sourcecode.cpp.cpp; name = PluginProcessor.cpp; path = ../../Source/PluginProcessor.cpp; sourceTree = "SOURCE_ROOT"; };
		1A7118448141FF5082D56E81 = {isa = PBXFileReference; lastKnownFileType = file; name = "juce_cryptography"; path = "../../../JUCE Latest/JUCE/modules/juce_cryptography"; sourceTree = "SOURCE_ROOT"; };
		1BCD0062E79CCBAD0D0A3835 = {isa = PBXFileReference; lastKnownFileType = file; name = "juce_audio_basics"; path = "../../../JUCE Latest/JUCE/modules/juce_audio_basics"; sourceTree = "SOURCE_ROOT"; };
		1EE19D5CF6CAF2B186FFF882 = {isa = PBXFileReference; lastKnownFileType = sourcecode.cpp.cpp; name = "include_juce_audio_plugin_client_Standalone.cpp"; path = "../../JuceLibraryCode/include_juce_audio_plugin_client_Standalone.cpp"; sourceTree = "SOURCE_ROOT"; };
		1FBF9A39FF7C612733C97795 = {isa = PBXFileReference; lastKnownFileType = file; name = "juce_opengl"; path = "../../../JUCE Latest/JUCE/modules/juce_opengl"; sourceTree = "SOURCE_ROOT"; };
		2049806A1FD0BD6E32CA90A0 = {isa = PBXFileReference; lastKnownFileType = wrapper.framework; name = CoreMIDI.framework; path = System/Library/Frameworks/CoreMIDI.framework; sourceTree = SDKROOT; };
		23594EE64F3CBE3F9D7FC73B = {isa = PBXFileReference; lastKnownFileType = sourcecode.c.h; name = DigitalDelayLine.h; path = ../../Source/DigitalDelayLine.h; sourceTree = "SOURCE_ROOT"; };
		25497515803D960A20A5C653 = {isa = PBXFileReference; lastKnownFileType = file; name = "juce_gui_extra"; path = "../../../JUCE Latest/JUCE/modules/juce_gui_extra"; sourceTree = "SOURCE_ROOT"; };
		2B46C15506FF6F01005CAABA = {isa = PBXFileReference; lastKnownFileType = sourcecode.cpp.objcpp; name = "include_juce_audio_utils.mm"; path = "../../JuceLibraryCode/include_juce_audio_utils.mm"; sourceTree = "SOURCE_ROOT"; };
		30882B4FE4C4E6A877DCE4EC = {isa = PBXFileReference; lastKnownFileType = sourcecode.cpp.cpp; name = "include_juce_audio_plugin_client_utils.cpp"; path = "../../JuceLibraryCode/include_juce_audio_plugin_client_utils.cpp"; sourceTree = "SOURCE_ROOT"; };
		32475768860A6E5A3F42E297 = {isa = PBXFileReference; lastKnownFileType = sourcecode.cpp.objcpp; name = "include_juce_audio_devices.mm"; path = "../../JuceLibraryCode/include_juce_audio_devices.mm"; sourceTree = "SOURCE_ROOT"; };
		336A4B1C74DBBF6331DC4BAA = {isa = PBXFileReference; lastKnownFileType = file; name = "juce_audio_devices"; path = "../../../JUCE Latest/JUCE/modules/juce_audio_devices"; sourceTree = "SOURCE_ROOT"; };
		376ADF65C71241CA40D8A7E9 = {isa = PBXFileReference; lastKnownFileType = sourcecode.cpp.cpp; name = RangeSlider.cpp; path = ../../Source/GUI/RangeSlider.cpp; sourceTree = "SOURCE_ROOT"; };
		3C9BEB786C458D30DAF576E9 = {isa = PBXFileReference; lastKnownFileType = wrapper.framework; name = CoreMedia.framework; path = System/Library/Frameworks/CoreMedia.framework; sourceTree = SDKROOT; };
		3DA9704C44F7440A3D59EAF0 = {isa = PBXFileReference; lastKnownFileType = sourcecode.cpp.cpp; name = PluginEditor.cpp; path = ../../Source/PluginEditor.cpp; sourceTree = "SOURCE_ROOT"; };
		3ED5418AAD00C97B3779F269 = {isa = PBXFileReference; lastKnownFileType = wrapper.framework; name = IOKit.framework; path = System/Library/Frameworks/IOKit.framework; sourceTree = SDKROOT; };
		43DC0B8F21000B1FC67E2D2E = {isa = PBXFileReference; lastKnownFileType = sourcecode.c.h; name = FilmstripToggleButton.h; path = "../../../../Downloads/JUCE_JAPAN_DEMO-master/vol2/AudioPlugin/SimpleEqualizer/Source/GUI/FilmstripToggleButton.h"; sourceTree = "SOURCE_ROOT"; };
		45A64BCEF65B73C477162DE1 = {isa = PBXFileReference; lastKnownFileType = file.nib; name = RecentFilesMenuTemplate.nib; path = RecentFilesMenuTemplate.nib; sourceTree = "SOURCE_ROOT"; };
		4827918C1DDABD4BF44E13DB = {isa = PBXFileReference; lastKnownFileType = text.plist.xml; name = WillStereoDelay.entitlements; path = WillStereoDelay.entitlements; sourceTree = "SOURCE_ROOT"; };
		483EFC6C3AE41CB5FC3208CE = {isa = PBXFileReference; lastKnownFileType = file; name = "juce_graphics"; path = "../../../JUCE Latest/JUCE/modules/juce_graphics"; sourceTree = "SOURCE_ROOT"; };
		4EF89273428C2C593EDC3EB8 = {isa = PBXFileReference; lastKnownFileType = image.png; name = "SimpleEqualizer_knob.png"; path = "../../../../Downloads/JUCE_JAPAN_DEMO-master/vol2/AudioPlugin/SimpleEqualizer/Resources/SimpleEqualizer_knob.png"; sourceTree = "SOURCE_ROOT"; };
		4FEF9877C020C45559245EC7 = {isa = PBXFileReference; lastKnownFileType = file; name = "juce_video"; path = "../../../JUCE Latest/JUCE/modules/juce_video"; sourceTree = "SOURCE_ROOT"; };
		519B5C9022AEFF1B01C03ACA = {isa = PBXFileReference; lastKnownFileType = file; name = "juce_data_structures"; path = "../../../JUCE Latest/JUCE/modules/juce_data_structures"; sourceTree = "SOURCE_ROOT"; };
		55B4EEE6D7DC47DC8E1DC426 = {isa = PBXFileReference; lastKnownFileType = sourcecode.cpp.cpp; name = FilmstripSlider.cpp; path = ../../Source/GUI/FilmstripSlider.cpp; sourceTree = "SOURCE_ROOT"; };
		5C34ADC11B6C5259ACC3329F = {isa = PBXFileReference; lastKnownFileType = sourcecode.cpp.objcpp; name = "include_juce_audio_formats.mm"; path = "../../JuceLibraryCode/include_juce_audio_formats.mm"; sourceTree = "SOURCE_ROOT"; };
		5E13B648EB10A3FA66A9CBB1 = {isa = PBXFileReference; lastKnownFileType = file; name = "juce_audio_utils"; path = "../../../JUCE Latest/JUCE/modules/juce_audio_utils"; sourceTree = "SOURCE_ROOT"; };
		5FB8C2497A9B74A5D1E0F3E3 = {isa = PBXFileReference; lastKnownFileType = sourcecode.c.h; name = PluginEditor.h; path = ../../Source/PluginEditor.h; sourceTree = "SOURCE_ROOT"; };
		64BCF1797A74D070111015EF = {isa = PBXFileReference; lastKnownFileType = sourcecode.cpp.objcpp; name = "include_juce_opengl.mm"; path = "../../JuceLibraryCode/include_juce_opengl.mm"; sourceTree = "SOURCE_ROOT"; };
		666189942BB7F13FD0D10015 = {isa = PBXFileReference; lastKnownFileType = sourcecode.cpp.objcpp; name = "include_juce_audio_plugin_client_VST_utils.mm"; path = "../../JuceLibraryCode/include_juce_audio_plugin_client_VST_utils.mm"; sourceTree = "SOURCE_ROOT"; };
		74A5FF051F084D61CB06FE52 = {isa = PBXFileReference; lastKnownFileType = sourcecode.cpp.objcpp; name = "include_juce_gui_extra.mm"; path = "../../JuceLibraryCode/include_juce_gui_extra.mm"; sourceTree = "SOURCE_ROOT"; };
		77D4AA1957591F4F3F01BB66 = {isa = PBXFileReference; explicitFileType = wrapper.application; includeInIndex = 0; path = WillStereoDelay.app; sourceTree = "BUILT_PRODUCTS_DIR"; };
		677DA9880D21BC06A10A40D9 = {isa = PBXFileReference; explicitFileType = archive.ar; includeInIndex = 0; path = libWillStereoDelay.a; sourceTree = "BUILT_PRODUCTS_DIR"; };
		76AF5018464428D3E13345D2 = {isa = PBXFileReference; lastKnownFileType = sourcecode.cpp.objcpp; name = "include_juce_graphics.mm"; path = "../../JuceLibraryCode/include_juce_graphics.mm"; sourceTree = "SOURCE_ROOT"; };
		7997DE39CEB492F663CC89A2 = {isa = PBXFileReference; lastKnownFileType = sourcecode.c.h; name = FilmstripSlider.h; path = ../../Source/GUI/FilmstripSlider.h; sourceTree = "SOURCE_ROOT"; };
		7EF6530CAA6B6E016D985E29 = {isa = PBXFileReference; lastKnownFileType = wrapper.framework; name = AVKit.framework; path = System/Library/Frameworks/AVKit.framework; sourceTree = SDKROOT; };
		82D3D12C754B64BD6EF26187 = {isa = PBXFileReference; lastKnownFileType = sourcecode.cpp.objcpp; name = "include_juce_gui_basics.mm"; path = "../../JuceLibraryCode/include_juce_gui_basics.mm"; sourceTree = "SOURCE_ROOT"; };
		838961A586FA03EF42ACC899 = {isa = PBXFileReference; lastKnownFileType = sourcecode.cpp.cpp; name = DigitalDelayLine.cpp; path = ../../Source/DigitalDelayLine.cpp; sourceTree = "SOURCE_ROOT"; };
		876B27D37DD74BDD264A74C0 = {isa = PBXFileReference; lastKnownFileType = file; name = "juce_audio_plugin_client"; path = "../../../JUCE Latest/JUCE/modules/juce_audio_plugin_client"; sourceTree = "SOURCE_ROOT"; };
		8A48B172805AD9C154C43A20 = {isa = PBXFileReference; lastKnownFileType = sourcecode.cpp.objcpp; name = "include_juce_core.mm"; path = "../../JuceLibraryCode/include_juce_core.mm"; sourceTree = "SOURCE_ROOT"; };
		8B459C118AAB3602C47EF04F = {isa = PBXFileReference; lastKnownFileType = text.plist.xml; name = "Info-VST.plist"; path = "Info-VST.plist"; sourceTree = "SOURCE_ROOT"; };
		8C0B6A0A7753FAAA61EB6D9F = {isa = PBXFileReference; lastKnownFileType = wrapper.framework; name = DiscRecording.framework; path = System/Library/Frameworks/DiscRecording.framework; sourceTree = SDKROOT; };
		8C432A083F09CB4E16F77A2E = {isa = PBXFileReference; lastKnownFileType = sourcecode.c.h; name = RangeSlider.h; path = ../../Source/GUI/RangeSlider.h; sourceTree = "SOURCE_ROOT"; };
		8F2C3796606B55C1C602BB4D = {isa = PBXFileReference; lastKnownFileType = sourcecode.cpp.objcpp; name = "include_juce_audio_plugin_client_AU_1.mm"; path = "../../JuceLibraryCode/include_juce_audio_plugin_client_AU_1.mm"; sourceTree = "SOURCE_ROOT"; };
		9376B92B5836618703092BED = {isa = PBXFileReference; lastKnownFileType = file; name = "juce_audio_formats"; path = "../../../JUCE Latest/JUCE/modules/juce_audio_formats"; sourceTree = "SOURCE_ROOT"; };
		9B3EDCFC233CB9EA2B99C38F = {isa = PBXFileReference; lastKnownFileType = image.png; name = "switch_toggle_sub.png"; path = "../../../../Downloads/JUCE_JAPAN_DEMO-master/vol2/AudioPlugin/SimpleEqualizer/Resources/switch_toggle_sub.png"; sourceTree = "SOURCE_ROOT"; };
		9CB0E5BE6875F749AC8CE280 = {isa = PBXFileReference; lastKnownFileType = wrapper.framework; name = Carbon.framework; path = System/Library/Frameworks/Carbon.framework; sourceTree = SDKROOT; };
		9D029526081FD74923B46089 = {isa = PBXFileReference; lastKnownFileType = sourcecode.cpp.cpp; name = BinaryData.cpp; path = ../../JuceLibraryCode/BinaryData.cpp; sourceTree = "SOURCE_ROOT"; };
		A20C41FA6B84ECBD01EDA3FF = {isa = PBXFileReference; lastKnownFileType = sourcecode.c.h; name = AppConfig.h; path = ../../JuceLibraryCode/AppConfig.h; sourceTree = "SOURCE_ROOT"; };
		A6B95290DEAC312FBFDF93A0 = {isa = PBXFileReference; lastKnownFileType = sourcecode.c.h; name = BinaryData.h; path = ../../JuceLibraryCode/BinaryData.h; sourceTree = "SOURCE_ROOT"; };
		A913ACE8ED1E4CE8D0B494F0 = {isa = PBXFileReference; lastKnownFileType = wrapper.framework; name = CoreAudioKit.framework; path = System/Library/Frameworks/CoreAudioKit.framework; sourceTree = SDKROOT; };
		AC7CE9A4690748DAA48E5EEF = {isa = PBXFileReference; lastKnownFileType = wrapper.framework; name = WebKit.framework; path = System/Library/Frameworks/WebKit.framework; sourceTree = SDKROOT; };
		B23012AA003BC675E76B1DB6 = {isa = PBXFileReference; lastKnownFileType = wrapper.framework; name = AudioUnit.framework; path = System/Library/Frameworks/AudioUnit.framework; sourceTree = SDKROOT; };
		B872706229492299D1EEBF2A = {isa = PBXFileReference; lastKnownFileType = sourcecode.cpp.cpp; name = FilmstripToggleButton.cpp; path = "../../../../Downloads/JUCE_JAPAN_DEMO-master/vol2/AudioPlugin/SimpleEqualizer/Source/GUI/FilmstripToggleButton.cpp"; sourceTree = "SOURCE_ROOT"; };
		BCF153C16FE76C1AEF510609 = {isa = PBXFileReference; lastKnownFileType = sourcecode.cpp.objcpp; name = "include_juce_data_structures.mm"; path = "../../JuceLibraryCode/include_juce_data_structures.mm"; sourceTree = "SOURCE_ROOT"; };
		BE92639620D583C3F7EF9F20 = {isa = PBXFileReference; lastKnownFileType = sourcecode.cpp.objcpp; name = "include_juce_video.mm"; path = "../../JuceLibraryCode/include_juce_video.mm"; sourceTree = "SOURCE_ROOT"; };
		C0ABBC3C629A9B1BCF11D7B7 = {isa = PBXFileReference; lastKnownFileType = image.png; name = "SimpleEqualizer_bypass.png"; path = "../../../../Downloads/JUCE_JAPAN_DEMO-master/vol2/AudioPlugin/SimpleEqualizer/Resources/SimpleEqualizer_bypass.png"; sourceTree = "SOURCE_ROOT"; };
		C27DEC46DCADBE1C27842C79 = {isa = PBXFileReference; lastKnownFileType = sourcecode.cpp.objcpp; name = "include_juce_audio_basics.mm"; path = "../../JuceLibraryCode/include_juce_audio_basics.mm"; sourceTree = "SOURCE_ROOT"; };
		C6D82F20948F0036F9BB4686 = {isa = PBXFileReference; lastKnownFileType = sourcecode.cpp.objcpp; name = "include_juce_audio_plugin_client_AU_2.mm"; path = "../../JuceLibraryCode/include_juce_audio_plugin_client_AU_2.mm"; sourceTree = "SOURCE_ROOT"; };
		C891DE9E9DCE3DA5162A7929 = {isa = PBXFileReference; lastKnownFileType = file; name = "juce_gui_basics"; path = "../../../JUCE Latest/JUCE/modules/juce_gui_basics"; sourceTree = "SOURCE_ROOT"; };
		D2DF85D72C9B4DBDDBC0597D = {isa = PBXFileReference; lastKnownFileType = file; name = "juce_core"; path = "../../../JUCE Latest/JUCE/modules/juce_core"; sourceTree = "SOURCE_ROOT"; };
		D85261BC7CC0D00F605D6C3C = {isa = PBXFileReference; lastKnownFileType = file; name = "juce_events"; path = "../../../JUCE Latest/JUCE/modules/juce_events"; sourceTree = "SOURCE_ROOT"; };
		E66954D42845073FA9860223 = {isa = PBXFileReference; lastKnownFileType = wrapper.framework; name = QuartzCore.framework; path = System/Library/Frameworks/QuartzCore.framework; sourceTree = SDKROOT; };
		ED1E0E9834EC3BAC9F38788F = {isa = PBXFileReference; lastKnownFileType = wrapper.framework; name = Accelerate.framework; path = System/Library/Frameworks/Accelerate.framework; sourceTree = SDKROOT; };
		EDBD4F8EE8EC037F6435EBD5 = {isa = PBXFileReference; lastKnownFileType = sourcecode.cpp.cpp; name = "include_juce_audio_plugin_client_VST2.cpp"; path = "../../JuceLibraryCode/include_juce_audio_plugin_client_VST2.cpp"; sourceTree = "SOURCE_ROOT"; };
		F3FA3A71F81FA203634BA097 = {isa = PBXFileReference; lastKnownFileType = sourcecode.c.h; name = JuceHeader.h; path = ../../JuceLibraryCode/JuceHeader.h; sourceTree = "SOURCE_ROOT"; };
		F3FB50C00F960785B1E12374 = {isa = PBXFileReference; lastKnownFileType = text.plist.xml; name = "Info-Standalone_Plugin.plist"; path = "Info-Standalone_Plugin.plist"; sourceTree = "SOURCE_ROOT"; };
		F3FC479F234AABEAADE42ECB = {isa = PBXFileReference; lastKnownFileType = file; name = "juce_audio_processors"; path = "../../../JUCE Latest/JUCE/modules/juce_audio_processors"; sourceTree = "SOURCE_ROOT"; };
		F5F1FF9D5B6453ECC04046BC = {isa = PBXFileReference; lastKnownFileType = file.r; name = "include_juce_audio_plugin_client_AU.r"; path = "../../JuceLibraryCode/include_juce_audio_plugin_client_AU.r"; sourceTree = "SOURCE_ROOT"; };
		F6F93FC5B56A79D2A54B5BE9 = {isa = PBXFileReference; lastKnownFileType = sourcecode.cpp.objcpp; name = "include_juce_audio_processors.mm"; path = "../../JuceLibraryCode/include_juce_audio_processors.mm"; sourceTree = "SOURCE_ROOT"; };
		F86774F61736DED8AF5E7419 = {isa = PBXFileReference; lastKnownFileType = image.png; name = sslknob.png; path = "../../../../Downloads/JUCE_JAPAN_DEMO-master/vol2/AudioPlugin/SimpleEqualizer/Resources/sslknob.png"; sourceTree = "SOURCE_ROOT"; };
		F94D114B8838AAB41CCDFD2E = {isa = PBXFileReference; lastKnownFileType = wrapper.framework; name = OpenGL.framework; path = System/Library/Frameworks/OpenGL.framework; sourceTree = SDKROOT; };
		F9C31FCBA7ACD71CE5BE0D64 = {isa = PBXFileReference; lastKnownFileType = wrapper.framework; name = AudioToolbox.framework; path = System/Library/Frameworks/AudioToolbox.framework; sourceTree = SDKROOT; };
		FF0D42AAD89F5C7018214485 = {isa = PBXFileReference; lastKnownFileType = wrapper.framework; name = CoreAudio.framework; path = System/Library/Frameworks/CoreAudio.framework; sourceTree = SDKROOT; };
		303219110D276F32475F4DB4 = {isa = PBXGroup; children = (
					C0ABBC3C629A9B1BCF11D7B7,
					4EF89273428C2C593EDC3EB8,
					F86774F61736DED8AF5E7419,
					9B3EDCFC233CB9EA2B99C38F, ); name = assets; sourceTree = "<group>"; };
		C3D9E6169390C9E0C6FC6608 = {isa = PBXGroup; children = (
					303219110D276F32475F4DB4,
					55B4EEE6D7DC47DC8E1DC426,
					7997DE39CEB492F663CC89A2,
					B872706229492299D1EEBF2A,
					43DC0B8F21000B1FC67E2D2E,
					376ADF65C71241CA40D8A7E9,
					8C432A083F09CB4E16F77A2E, ); name = GUI; sourceTree = "<group>"; };
		1F73092D8D8BD016BCEE1F21 = {isa = PBXGroup; children = (
					194A06392F24C61B7C642549,
					08EDD7C534943E14B4DF9420,
					3DA9704C44F7440A3D59EAF0,
					5FB8C2497A9B74A5D1E0F3E3,
					838961A586FA03EF42ACC899,
					23594EE64F3CBE3F9D7FC73B, ); name = Source; sourceTree = "<group>"; };
		B97D20AA7E95A25D545896CA = {isa = PBXGroup; children = (
					C3D9E6169390C9E0C6FC6608,
					1F73092D8D8BD016BCEE1F21, ); name = WillStereoDelay; sourceTree = "<group>"; };
		A12900938F54012CAF6F4906 = {isa = PBXGroup; children = (
					1BCD0062E79CCBAD0D0A3835,
					336A4B1C74DBBF6331DC4BAA,
					9376B92B5836618703092BED,
					876B27D37DD74BDD264A74C0,
					F3FC479F234AABEAADE42ECB,
					5E13B648EB10A3FA66A9CBB1,
					D2DF85D72C9B4DBDDBC0597D,
					1A7118448141FF5082D56E81,
					519B5C9022AEFF1B01C03ACA,
					D85261BC7CC0D00F605D6C3C,
					483EFC6C3AE41CB5FC3208CE,
					C891DE9E9DCE3DA5162A7929,
					25497515803D960A20A5C653,
					1FBF9A39FF7C612733C97795,
					4FEF9877C020C45559245EC7, ); name = "JUCE Modules"; sourceTree = "<group>"; };
		5CE3F50C935BC54CE2772FA9 = {isa = PBXGroup; children = (
					A20C41FA6B84ECBD01EDA3FF,
					9D029526081FD74923B46089,
					A6B95290DEAC312FBFDF93A0,
					C27DEC46DCADBE1C27842C79,
					32475768860A6E5A3F42E297,
					5C34ADC11B6C5259ACC3329F,
					F5F1FF9D5B6453ECC04046BC,
					8F2C3796606B55C1C602BB4D,
					C6D82F20948F0036F9BB4686,
					1EE19D5CF6CAF2B186FFF882,
					30882B4FE4C4E6A877DCE4EC,
					666189942BB7F13FD0D10015,
					EDBD4F8EE8EC037F6435EBD5,
					F6F93FC5B56A79D2A54B5BE9,
					2B46C15506FF6F01005CAABA,
					8A48B172805AD9C154C43A20,
					0CD8C3A572BC31F6E1FB8BF6,
					BCF153C16FE76C1AEF510609,
					12F2A29F701C8324D6705927,
					76AF5018464428D3E13345D2,
					82D3D12C754B64BD6EF26187,
					74A5FF051F084D61CB06FE52,
					64BCF1797A74D070111015EF,
					BE92639620D583C3F7EF9F20,
					F3FA3A71F81FA203634BA097, ); name = "JUCE Library Code"; sourceTree = "<group>"; };
		E7C9674B2F04963789CAA6EB = {isa = PBXGroup; children = (
					8B459C118AAB3602C47EF04F,
					1128169A025BA4849328C211,
					F3FB50C00F960785B1E12374,
					45A64BCEF65B73C477162DE1, ); name = Resources; sourceTree = "<group>"; };
		219E416AD5D69D97A5D07FC3 = {isa = PBXGroup; children = (
					ED1E0E9834EC3BAC9F38788F,
					F9C31FCBA7ACD71CE5BE0D64,
					B23012AA003BC675E76B1DB6,
					0F807870800679FB6A459297,
					7EF6530CAA6B6E016D985E29,
					9CB0E5BE6875F749AC8CE280,
					125E7312EB1B5D8875B32B90,
					FF0D42AAD89F5C7018214485,
					A913ACE8ED1E4CE8D0B494F0,
					3C9BEB786C458D30DAF576E9,
					2049806A1FD0BD6E32CA90A0,
					8C0B6A0A7753FAAA61EB6D9F,
					3ED5418AAD00C97B3779F269,
					F94D114B8838AAB41CCDFD2E,
					E66954D42845073FA9860223,
					AC7CE9A4690748DAA48E5EEF, ); name = Frameworks; sourceTree = "<group>"; };
		54049FDD5BB0566FC155FE83 = {isa = PBXGroup; children = (
					31C4F2867A9967C2BFE5CCD0,
					028CF5AC39C7A578E6A57A0F,
					77D4AA1957591F4F3F01BB66,
					677DA9880D21BC06A10A40D9, ); name = Products; sourceTree = "<group>"; };
		A45BB35ED184BADA269E3F36 = {isa = PBXGroup; children = (
					4827918C1DDABD4BF44E13DB,
					B97D20AA7E95A25D545896CA,
					A12900938F54012CAF6F4906,
					5CE3F50C935BC54CE2772FA9,
					E7C9674B2F04963789CAA6EB,
					219E416AD5D69D97A5D07FC3,
					54049FDD5BB0566FC155FE83, ); name = Source; sourceTree = "<group>"; };
		CC35C07BEE6832C4B9343AE9 = {isa = XCBuildConfiguration; buildSettings = {
				MACOSX_DEPLOYMENT_TARGET = 10.11; }; name = Debug; };
		61E7A4CC459993410E5028DF = {isa = XCBuildConfiguration; buildSettings = {
				MACOSX_DEPLOYMENT_TARGET = 10.11; }; name = Release; };
		EE5E5E00CF95590C9530A5A6 = {isa = XCBuildConfiguration; buildSettings = {
				CLANG_CXX_LANGUAGE_STANDARD = "c++14";
				CLANG_LINK_OBJC_RUNTIME = NO;
				COMBINE_HIDPI_IMAGES = YES;
				CONFIGURATION_BUILD_DIR = "$(PROJECT_DIR)/build/$(CONFIGURATION)";
				COPY_PHASE_STRIP = NO;
				DEPLOYMENT_LOCATION = YES;
				DSTROOT = /;
				GCC_DYNAMIC_NO_PIC = NO;
				GCC_OPTIMIZATION_LEVEL = 0;
				GCC_PREPROCESSOR_DEFINITIONS = (
					"_DEBUG=1",
					"DEBUG=1",
					"JUCER_XCODE_MAC_F6D2F4CF=1",
					"JUCE_APP_VERSION=1.0.0",
					"JUCE_APP_VERSION_HEX=0x10000",
					"JucePlugin_Build_VST=1",
					"JucePlugin_Build_VST3=0",
					"JucePlugin_Build_AU=0",
					"JucePlugin_Build_AUv3=0",
					"JucePlugin_Build_RTAS=0",
					"JucePlugin_Build_AAX=0",
					"JucePlugin_Build_Standalone=0", );
				GCC_VERSION = com.apple.compilers.llvm.clang.1_0;
				GENERATE_PKGINFO_FILE = YES;
				HEADER_SEARCH_PATHS = ("../../JuceLibraryCode", "\"../../../JUCE Latest/JUCE/modules\"", "\"../../../JUCE Latest/JUCE/modules/juce_audio_plugin_client\"", "$(inherited)");
				INFOPLIST_FILE = Info-VST.plist;
				INFOPLIST_PREPROCESS = NO;
				INSTALL_PATH = "$(HOME)/Library/Audio/Plug-Ins/VST/";
				LIBRARY_STYLE = Bundle;
				MACOSX_DEPLOYMENT_TARGET = 10.11;
				MACOSX_DEPLOYMENT_TARGET_ppc = 10.4;
				OTHER_LDFLAGS = "-bundle -lWillStereoDelay";
				PRODUCT_BUNDLE_IDENTIFIER = com.yourcompany.WillStereoDelay;
				SDKROOT_ppc = macosx10.5;
				USE_HEADERMAP = NO;
				WRAPPER_EXTENSION = vst; }; name = Debug; };
		62BAF5698D03201FF0A17C57 = {isa = XCBuildConfiguration; buildSettings = {
				CLANG_CXX_LANGUAGE_STANDARD = "c++14";
				CLANG_LINK_OBJC_RUNTIME = NO;
				COMBINE_HIDPI_IMAGES = YES;
				CONFIGURATION_BUILD_DIR = "$(PROJECT_DIR)/build/$(CONFIGURATION)";
				DEAD_CODE_STRIPPING = YES;
				DEPLOYMENT_LOCATION = YES;
				DSTROOT = /;
				GCC_GENERATE_DEBUGGING_SYMBOLS = NO;
				GCC_OPTIMIZATION_LEVEL = 3;
				GCC_PREPROCESSOR_DEFINITIONS = (
					"_NDEBUG=1",
					"NDEBUG=1",
					"JUCER_XCODE_MAC_F6D2F4CF=1",
					"JUCE_APP_VERSION=1.0.0",
					"JUCE_APP_VERSION_HEX=0x10000",
					"JucePlugin_Build_VST=1",
					"JucePlugin_Build_VST3=0",
					"JucePlugin_Build_AU=0",
					"JucePlugin_Build_AUv3=0",
					"JucePlugin_Build_RTAS=0",
					"JucePlugin_Build_AAX=0",
					"JucePlugin_Build_Standalone=0", );
				GCC_SYMBOLS_PRIVATE_EXTERN = YES;
				GCC_VERSION = com.apple.compilers.llvm.clang.1_0;
				GENERATE_PKGINFO_FILE = YES;
				HEADER_SEARCH_PATHS = ("../../JuceLibraryCode", "\"../../../JUCE Latest/JUCE/modules\"", "\"../../../JUCE Latest/JUCE/modules/juce_audio_plugin_client\"", "$(inherited)");
				INFOPLIST_FILE = Info-VST.plist;
				INFOPLIST_PREPROCESS = NO;
				INSTALL_PATH = "$(HOME)/Library/Audio/Plug-Ins/VST/";
				LIBRARY_STYLE = Bundle;
				LLVM_LTO = YES;
				MACOSX_DEPLOYMENT_TARGET = 10.11;
				MACOSX_DEPLOYMENT_TARGET_ppc = 10.4;
				OTHER_LDFLAGS = "-bundle -lWillStereoDelay";
				PRODUCT_BUNDLE_IDENTIFIER = com.yourcompany.WillStereoDelay;
				SDKROOT_ppc = macosx10.5;
				USE_HEADERMAP = NO;
				WRAPPER_EXTENSION = vst; }; name = Release; };
		20DDB7BE03B3E9CA6D8E86E1 = {isa = XCBuildConfiguration; buildSettings = {
				CLANG_CXX_LANGUAGE_STANDARD = "c++14";
				CLANG_LINK_OBJC_RUNTIME = NO;
				COMBINE_HIDPI_IMAGES = YES;
				CONFIGURATION_BUILD_DIR = "$(PROJECT_DIR)/build/$(CONFIGURATION)";
				COPY_PHASE_STRIP = NO;
				DEPLOYMENT_LOCATION = YES;
				DSTROOT = /;
				GCC_DYNAMIC_NO_PIC = NO;
				GCC_OPTIMIZATION_LEVEL = 0;
				GCC_PREPROCESSOR_DEFINITIONS = (
					"_DEBUG=1",
					"DEBUG=1",
					"JUCER_XCODE_MAC_F6D2F4CF=1",
					"JUCE_APP_VERSION=1.0.0",
					"JUCE_APP_VERSION_HEX=0x10000",
					"JucePlugin_Build_VST=0",
					"JucePlugin_Build_VST3=0",
					"JucePlugin_Build_AU=1",
					"JucePlugin_Build_AUv3=0",
					"JucePlugin_Build_RTAS=0",
					"JucePlugin_Build_AAX=0",
					"JucePlugin_Build_Standalone=0", );
				GCC_VERSION = com.apple.compilers.llvm.clang.1_0;
				GENERATE_PKGINFO_FILE = YES;
				HEADER_SEARCH_PATHS = ("../../JuceLibraryCode", "\"../../../JUCE Latest/JUCE/modules\"", "\"../../../JUCE Latest/JUCE/modules/juce_audio_plugin_client\"", "$(inherited)");
				INFOPLIST_FILE = Info-AU.plist;
				INFOPLIST_PREPROCESS = NO;
				INSTALL_PATH = "$(HOME)/Library/Audio/Plug-Ins/Components/";
				LIBRARY_STYLE = Bundle;
				MACOSX_DEPLOYMENT_TARGET = 10.11;
				MACOSX_DEPLOYMENT_TARGET_ppc = 10.4;
				OTHER_LDFLAGS = "-bundle -lWillStereoDelay";
				OTHER_REZFLAGS = "-d ppc_$ppc -d i386_$i386 -d ppc64_$ppc64 -d x86_64_$x86_64 -I /System/Library/Frameworks/CoreServices.framework/Frameworks/CarbonCore.framework/Versions/A/Headers -I \"$(DEVELOPER_DIR)/Extras/CoreAudio/AudioUnits/AUPublic/AUBase\"";
				PRODUCT_BUNDLE_IDENTIFIER = com.yourcompany.WillStereoDelay;
				SDKROOT_ppc = macosx10.5;
				USE_HEADERMAP = NO;
				WRAPPER_EXTENSION = component; }; name = Debug; };
		6623C7B4413E79296CECFC79 = {isa = XCBuildConfiguration; buildSettings = {
				CLANG_CXX_LANGUAGE_STANDARD = "c++14";
				CLANG_LINK_OBJC_RUNTIME = NO;
				COMBINE_HIDPI_IMAGES = YES;
				CONFIGURATION_BUILD_DIR = "$(PROJECT_DIR)/build/$(CONFIGURATION)";
				DEAD_CODE_STRIPPING = YES;
				DEPLOYMENT_LOCATION = YES;
				DSTROOT = /;
				GCC_GENERATE_DEBUGGING_SYMBOLS = NO;
				GCC_OPTIMIZATION_LEVEL = 3;
				GCC_PREPROCESSOR_DEFINITIONS = (
					"_NDEBUG=1",
					"NDEBUG=1",
					"JUCER_XCODE_MAC_F6D2F4CF=1",
					"JUCE_APP_VERSION=1.0.0",
					"JUCE_APP_VERSION_HEX=0x10000",
					"JucePlugin_Build_VST=0",
					"JucePlugin_Build_VST3=0",
					"JucePlugin_Build_AU=1",
					"JucePlugin_Build_AUv3=0",
					"JucePlugin_Build_RTAS=0",
					"JucePlugin_Build_AAX=0",
					"JucePlugin_Build_Standalone=0", );
				GCC_SYMBOLS_PRIVATE_EXTERN = YES;
				GCC_VERSION = com.apple.compilers.llvm.clang.1_0;
				GENERATE_PKGINFO_FILE = YES;
				HEADER_SEARCH_PATHS = ("../../JuceLibraryCode", "\"../../../JUCE Latest/JUCE/modules\"", "\"../../../JUCE Latest/JUCE/modules/juce_audio_plugin_client\"", "$(inherited)");
				INFOPLIST_FILE = Info-AU.plist;
				INFOPLIST_PREPROCESS = NO;
				INSTALL_PATH = "$(HOME)/Library/Audio/Plug-Ins/Components/";
				LIBRARY_STYLE = Bundle;
				LLVM_LTO = YES;
				MACOSX_DEPLOYMENT_TARGET = 10.11;
				MACOSX_DEPLOYMENT_TARGET_ppc = 10.4;
				OTHER_LDFLAGS = "-bundle -lWillStereoDelay";
				OTHER_REZFLAGS = "-d ppc_$ppc -d i386_$i386 -d ppc64_$ppc64 -d x86_64_$x86_64 -I /System/Library/Frameworks/CoreServices.framework/Frameworks/CarbonCore.framework/Versions/A/Headers -I \"$(DEVELOPER_DIR)/Extras/CoreAudio/AudioUnits/AUPublic/AUBase\"";
				PRODUCT_BUNDLE_IDENTIFIER = com.yourcompany.WillStereoDelay;
				SDKROOT_ppc = macosx10.5;
				USE_HEADERMAP = NO;
				WRAPPER_EXTENSION = component; }; name = Release; };
		4F3AF1A39140D8BE4244CF90 = {isa = XCBuildConfiguration; buildSettings = {
				CLANG_CXX_LANGUAGE_STANDARD = "c++14";
				CLANG_LINK_OBJC_RUNTIME = NO;
				COMBINE_HIDPI_IMAGES = YES;
				CONFIGURATION_BUILD_DIR = "$(PROJECT_DIR)/build/$(CONFIGURATION)";
				COPY_PHASE_STRIP = NO;
				GCC_DYNAMIC_NO_PIC = NO;
				GCC_OPTIMIZATION_LEVEL = 0;
				GCC_PREPROCESSOR_DEFINITIONS = (
					"_DEBUG=1",
					"DEBUG=1",
					"JUCER_XCODE_MAC_F6D2F4CF=1",
					"JUCE_APP_VERSION=1.0.0",
					"JUCE_APP_VERSION_HEX=0x10000",
					"JucePlugin_Build_VST=0",
					"JucePlugin_Build_VST3=0",
					"JucePlugin_Build_AU=0",
					"JucePlugin_Build_AUv3=0",
					"JucePlugin_Build_RTAS=0",
					"JucePlugin_Build_AAX=0",
					"JucePlugin_Build_Standalone=1", );
				GCC_VERSION = com.apple.compilers.llvm.clang.1_0;
				HEADER_SEARCH_PATHS = ("../../JuceLibraryCode", "\"../../../JUCE Latest/JUCE/modules\"", "\"../../../JUCE Latest/JUCE/modules/juce_audio_plugin_client\"", "$(inherited)");
				INFOPLIST_FILE = Info-Standalone_Plugin.plist;
				INFOPLIST_PREPROCESS = NO;
				MACOSX_DEPLOYMENT_TARGET = 10.11;
				MACOSX_DEPLOYMENT_TARGET_ppc = 10.4;
				OTHER_LDFLAGS = "-lWillStereoDelay";
				PRODUCT_BUNDLE_IDENTIFIER = com.yourcompany.WillStereoDelay;
				SDKROOT_ppc = macosx10.5;
				USE_HEADERMAP = NO; }; name = Debug; };
		A3BFE217255B46AF300FE66D = {isa = XCBuildConfiguration; buildSettings = {
				CLANG_CXX_LANGUAGE_STANDARD = "c++14";
				CLANG_LINK_OBJC_RUNTIME = NO;
				COMBINE_HIDPI_IMAGES = YES;
				CONFIGURATION_BUILD_DIR = "$(PROJECT_DIR)/build/$(CONFIGURATION)";
				DEAD_CODE_STRIPPING = YES;
				GCC_GENERATE_DEBUGGING_SYMBOLS = NO;
				GCC_OPTIMIZATION_LEVEL = 3;
				GCC_PREPROCESSOR_DEFINITIONS = (
					"_NDEBUG=1",
					"NDEBUG=1",
					"JUCER_XCODE_MAC_F6D2F4CF=1",
					"JUCE_APP_VERSION=1.0.0",
					"JUCE_APP_VERSION_HEX=0x10000",
					"JucePlugin_Build_VST=0",
					"JucePlugin_Build_VST3=0",
					"JucePlugin_Build_AU=0",
					"JucePlugin_Build_AUv3=0",
					"JucePlugin_Build_RTAS=0",
					"JucePlugin_Build_AAX=0",
					"JucePlugin_Build_Standalone=1", );
				GCC_SYMBOLS_PRIVATE_EXTERN = YES;
				GCC_VERSION = com.apple.compilers.llvm.clang.1_0;
				HEADER_SEARCH_PATHS = ("../../JuceLibraryCode", "\"../../../JUCE Latest/JUCE/modules\"", "\"../../../JUCE Latest/JUCE/modules/juce_audio_plugin_client\"", "$(inherited)");
				INFOPLIST_FILE = Info-Standalone_Plugin.plist;
				INFOPLIST_PREPROCESS = NO;
				LLVM_LTO = YES;
				MACOSX_DEPLOYMENT_TARGET = 10.11;
				MACOSX_DEPLOYMENT_TARGET_ppc = 10.4;
				OTHER_LDFLAGS = "-lWillStereoDelay";
				PRODUCT_BUNDLE_IDENTIFIER = com.yourcompany.WillStereoDelay;
				SDKROOT_ppc = macosx10.5;
				USE_HEADERMAP = NO; }; name = Release; };
		1C2E8423EAF95CD90B31115A = {isa = XCBuildConfiguration; buildSettings = {
				CLANG_CXX_LANGUAGE_STANDARD = "c++14";
				CLANG_LINK_OBJC_RUNTIME = NO;
				COMBINE_HIDPI_IMAGES = YES;
				CONFIGURATION_BUILD_DIR = "$(PROJECT_DIR)/build/$(CONFIGURATION)";
				COPY_PHASE_STRIP = NO;
				GCC_DYNAMIC_NO_PIC = NO;
				GCC_OPTIMIZATION_LEVEL = 0;
				GCC_PREPROCESSOR_DEFINITIONS = (
					"_DEBUG=1",
					"DEBUG=1",
					"JUCER_XCODE_MAC_F6D2F4CF=1",
					"JUCE_APP_VERSION=1.0.0",
					"JUCE_APP_VERSION_HEX=0x10000",
					"JucePlugin_Build_VST=1",
					"JucePlugin_Build_VST3=0",
					"JucePlugin_Build_AU=1",
					"JucePlugin_Build_AUv3=0",
					"JucePlugin_Build_RTAS=0",
					"JucePlugin_Build_AAX=0",
					"JucePlugin_Build_Standalone=1",
					"JUCE_SHARED_CODE=1", );
				GCC_VERSION = com.apple.compilers.llvm.clang.1_0;
				HEADER_SEARCH_PATHS = ("../../JuceLibraryCode", "\"../../../JUCE Latest/JUCE/modules\"", "\"../../../JUCE Latest/JUCE/modules/juce_audio_plugin_client\"", "$(inherited)");
				INSTALL_PATH = "@executable_path/../Frameworks";
				MACOSX_DEPLOYMENT_TARGET = 10.11;
				MACOSX_DEPLOYMENT_TARGET_ppc = 10.4;
				PRODUCT_BUNDLE_IDENTIFIER = com.yourcompany.WillStereoDelay;
				SDKROOT_ppc = macosx10.5;
				USE_HEADERMAP = NO; }; name = Debug; };
		98636E31770D53971B345D18 = {isa = XCBuildConfiguration; buildSettings = {
				CLANG_CXX_LANGUAGE_STANDARD = "c++14";
				CLANG_LINK_OBJC_RUNTIME = NO;
				COMBINE_HIDPI_IMAGES = YES;
				CONFIGURATION_BUILD_DIR = "$(PROJECT_DIR)/build/$(CONFIGURATION)";
				DEAD_CODE_STRIPPING = YES;
				GCC_GENERATE_DEBUGGING_SYMBOLS = NO;
				GCC_OPTIMIZATION_LEVEL = 3;
				GCC_PREPROCESSOR_DEFINITIONS = (
					"_NDEBUG=1",
					"NDEBUG=1",
					"JUCER_XCODE_MAC_F6D2F4CF=1",
					"JUCE_APP_VERSION=1.0.0",
					"JUCE_APP_VERSION_HEX=0x10000",
					"JucePlugin_Build_VST=1",
					"JucePlugin_Build_VST3=0",
					"JucePlugin_Build_AU=1",
					"JucePlugin_Build_AUv3=0",
					"JucePlugin_Build_RTAS=0",
					"JucePlugin_Build_AAX=0",
					"JucePlugin_Build_Standalone=1",
					"JUCE_SHARED_CODE=1", );
				GCC_SYMBOLS_PRIVATE_EXTERN = YES;
				GCC_VERSION = com.apple.compilers.llvm.clang.1_0;
				HEADER_SEARCH_PATHS = ("../../JuceLibraryCode", "\"../../../JUCE Latest/JUCE/modules\"", "\"../../../JUCE Latest/JUCE/modules/juce_audio_plugin_client\"", "$(inherited)");
				INSTALL_PATH = "@executable_path/../Frameworks";
				LLVM_LTO = YES;
				MACOSX_DEPLOYMENT_TARGET = 10.11;
				MACOSX_DEPLOYMENT_TARGET_ppc = 10.4;
				PRODUCT_BUNDLE_IDENTIFIER = com.yourcompany.WillStereoDelay;
				SDKROOT_ppc = macosx10.5;
				USE_HEADERMAP = NO; }; name = Release; };
		C572035BFD2CA52E6E48F4C3 = {isa = XCBuildConfiguration; buildSettings = {
				ALWAYS_SEARCH_USER_PATHS = NO;
				CLANG_WARN_BLOCK_CAPTURE_AUTORELEASING = YES;
				CLANG_WARN_BOOL_CONVERSION = YES;
				CLANG_WARN_COMMA = YES;
				CLANG_WARN_CONSTANT_CONVERSION = YES;
				CLANG_WARN_EMPTY_BODY = YES;
				CLANG_WARN_ENUM_CONVERSION = YES;
				CLANG_WARN_INFINITE_RECURSION = YES;
				CLANG_WARN_INT_CONVERSION = YES;
				CLANG_WARN_NON_LITERAL_NULL_CONVERSION = YES;
				CLANG_WARN_OBJC_LITERAL_CONVERSION = YES;
				CLANG_WARN_RANGE_LOOP_ANALYSIS = YES;
				CLANG_WARN_STRICT_PROTOTYPES = YES;
				CLANG_WARN_SUSPICIOUS_MOVE = YES;
				CLANG_WARN_UNREACHABLE_CODE = YES;
				CLANG_WARN__DUPLICATE_METHOD_MATCH = YES;
				DEBUG_INFORMATION_FORMAT = "dwarf";
				ENABLE_STRICT_OBJC_MSGSEND = YES;
				ENABLE_TESTABILITY = YES;
				GCC_C_LANGUAGE_STANDARD = c11;
				GCC_INLINES_ARE_PRIVATE_EXTERN = YES;
				GCC_MODEL_TUNING = G5;
				GCC_NO_COMMON_BLOCKS = YES;
				GCC_WARN_64_TO_32_BIT_CONVERSION = YES;
				GCC_WARN_ABOUT_RETURN_TYPE = YES;
				GCC_WARN_CHECK_SWITCH_STATEMENTS = YES;
				GCC_WARN_MISSING_PARENTHESES = YES;
				GCC_WARN_NON_VIRTUAL_DESTRUCTOR = YES;
				GCC_WARN_TYPECHECK_CALLS_TO_PRINTF = YES;
				GCC_WARN_UNDECLARED_SELECTOR = YES;
				GCC_WARN_UNINITIALIZED_AUTOS = YES;
				GCC_WARN_UNUSED_FUNCTION = YES;
				GCC_WARN_UNUSED_VARIABLE = YES;
				ONLY_ACTIVE_ARCH = YES;
				PRODUCT_NAME = "WillStereoDelay";
				WARNING_CFLAGS = -Wreorder;
				ZERO_LINK = NO; }; name = Debug; };
		FFEE87B76AB9E4F8A4379262 = {isa = XCBuildConfiguration; buildSettings = {
				ALWAYS_SEARCH_USER_PATHS = NO;
				CLANG_WARN_BLOCK_CAPTURE_AUTORELEASING = YES;
				CLANG_WARN_BOOL_CONVERSION = YES;
				CLANG_WARN_COMMA = YES;
				CLANG_WARN_CONSTANT_CONVERSION = YES;
				CLANG_WARN_EMPTY_BODY = YES;
				CLANG_WARN_ENUM_CONVERSION = YES;
				CLANG_WARN_INFINITE_RECURSION = YES;
				CLANG_WARN_INT_CONVERSION = YES;
				CLANG_WARN_NON_LITERAL_NULL_CONVERSION = YES;
				CLANG_WARN_OBJC_LITERAL_CONVERSION = YES;
				CLANG_WARN_RANGE_LOOP_ANALYSIS = YES;
				CLANG_WARN_STRICT_PROTOTYPES = YES;
				CLANG_WARN_SUSPICIOUS_MOVE = YES;
				CLANG_WARN_UNREACHABLE_CODE = YES;
				CLANG_WARN__DUPLICATE_METHOD_MATCH = YES;
				DEBUG_INFORMATION_FORMAT = "dwarf";
				ENABLE_STRICT_OBJC_MSGSEND = YES;
				GCC_C_LANGUAGE_STANDARD = c11;
				GCC_INLINES_ARE_PRIVATE_EXTERN = YES;
				GCC_MODEL_TUNING = G5;
				GCC_NO_COMMON_BLOCKS = YES;
				GCC_WARN_64_TO_32_BIT_CONVERSION = YES;
				GCC_WARN_ABOUT_RETURN_TYPE = YES;
				GCC_WARN_CHECK_SWITCH_STATEMENTS = YES;
				GCC_WARN_MISSING_PARENTHESES = YES;
				GCC_WARN_NON_VIRTUAL_DESTRUCTOR = YES;
				GCC_WARN_TYPECHECK_CALLS_TO_PRINTF = YES;
				GCC_WARN_UNDECLARED_SELECTOR = YES;
				GCC_WARN_UNINITIALIZED_AUTOS = YES;
				GCC_WARN_UNUSED_FUNCTION = YES;
				GCC_WARN_UNUSED_VARIABLE = YES;
				PRODUCT_NAME = "WillStereoDelay";
				WARNING_CFLAGS = -Wreorder;
				ZERO_LINK = NO; }; name = Release; };
		FD5657A2A7DEE82A794DE59C = {isa = PBXTargetDependency; target = 8A51ABDDF9D12A890D88CECE; };
		EAF905B2D6817B45F27B5994 = {isa = PBXTargetDependency; target = A57D0A334AA2FA4CE91847A1; };
		483F23AF6248B202FB1F5DBC = {isa = PBXTargetDependency; target = 31C425EE0000AF7AF980F6E3; };
		9588FD83DB99AB64E123C827 = {isa = PBXTargetDependency; target = 32F2B413F58DBB37115DEBF4; };
		7E1DFFCCB762519DB8043AE0 = {isa = XCConfigurationList; buildConfigurations = (
					C572035BFD2CA52E6E48F4C3,
					FFEE87B76AB9E4F8A4379262, ); defaultConfigurationIsVisible = 0; defaultConfigurationName = Debug; };
		ED9403992A9411D4F777D548 = {isa = XCConfigurationList; buildConfigurations = (
					CC35C07BEE6832C4B9343AE9,
					61E7A4CC459993410E5028DF, ); defaultConfigurationIsVisible = 0; defaultConfigurationName = Debug; };
		EE0761A687CD16114368EFE3 = {isa = PBXAggregateTarget; buildConfigurationList = ED9403992A9411D4F777D548; buildPhases = (  ); buildRules = ( ); dependencies = (
					FD5657A2A7DEE82A794DE59C,
					EAF905B2D6817B45F27B5994,
					483F23AF6248B202FB1F5DBC,
					9588FD83DB99AB64E123C827, ); name = "WillStereoDelay - All"; productName = WillStereoDelay; };
		82FFE447430D1B09176F6F77 = {isa = XCConfigurationList; buildConfigurations = (
					EE5E5E00CF95590C9530A5A6,
					62BAF5698D03201FF0A17C57, ); defaultConfigurationIsVisible = 0; defaultConfigurationName = Debug; };
		F9C11E3C2075FDA4EF47B680 = {isa = PBXResourcesBuildPhase; buildActionMask = 2147483647; files = (
					206DD6987A122A915B904961, ); runOnlyForDeploymentPostprocessing = 0; };
		B4E20CA44736F7D8E87821FD = {isa = PBXSourcesBuildPhase; buildActionMask = 2147483647; files = (
					337BB4AAB44C1B78508A76E9, ); runOnlyForDeploymentPostprocessing = 0; };
		B7424F31D62DCC7A53E8977C = {isa = PBXFrameworksBuildPhase; buildActionMask = 2147483647; files = (
					4C3C28C13E71C05F3E77CB84,
					6C6EC355A51C0AFFA48B1A16,
					9285C3167B19DB6E5DE8E266,
					4214F61D2A1CCFA439543C7D,
					3B16B2116B82135E55A8F8C4,
					EC76D48E2E18BA1B570C3910,
					973701A7C226DCB90A70F1F6,
					1EC28B8263347BE35E366B7A,
					0FC344171A3C4ECD2A4F41BC,
					C2146A221CC15B888B1A2CB4,
					945A6DDE93E60566B2E0EBEA,
					ECD3D4D3CFDA97EDC20FA51B,
					16A41C56B628EE3E91440487,
					8579FC889BB38A63585FCEA8, ); runOnlyForDeploymentPostprocessing = 0; };
		8A51ABDDF9D12A890D88CECE = {isa = PBXNativeTarget; buildConfigurationList = 82FFE447430D1B09176F6F77; buildPhases = (
					F9C11E3C2075FDA4EF47B680,
					B4E20CA44736F7D8E87821FD,
					B7424F31D62DCC7A53E8977C, ); buildRules = ( ); dependencies = (
					9588FD83DB99AB64E123C827, ); name = "WillStereoDelay - VST"; productName = WillStereoDelay; productReference = 31C4F2867A9967C2BFE5CCD0; productType = "com.apple.product-type.bundle"; };
		04EE81B6F67E1AEB3FBEF145 = {isa = XCConfigurationList; buildConfigurations = (
					20DDB7BE03B3E9CA6D8E86E1,
					6623C7B4413E79296CECFC79, ); defaultConfigurationIsVisible = 0; defaultConfigurationName = Debug; };
		6AA9A6A8DA6DC7C360A06242 = {isa = PBXResourcesBuildPhase; buildActionMask = 2147483647; files = (
					206DD6987A122A915B904961, ); runOnlyForDeploymentPostprocessing = 0; };
		B739AF9DE4801DF586D296C0 = {isa = PBXRezBuildPhase; buildActionMask = 2147483647; files = (
					DAFBC50CEF564254A05A5DBC, ); runOnlyForDeploymentPostprocessing = 0; };
		BBF4A135FE35EAD0616F4F0F = {isa = PBXSourcesBuildPhase; buildActionMask = 2147483647; files = (
					F87360F2698947762B7199D4,
					C74509E1BB1D6FB245649CA8, ); runOnlyForDeploymentPostprocessing = 0; };
		409C2BECAA8C2CF55E73E935 = {isa = PBXFrameworksBuildPhase; buildActionMask = 2147483647; files = (
					4C3C28C13E71C05F3E77CB84,
					6C6EC355A51C0AFFA48B1A16,
					72468807FB5928289E493501,
					9285C3167B19DB6E5DE8E266,
					4214F61D2A1CCFA439543C7D,
					3B16B2116B82135E55A8F8C4,
					EC76D48E2E18BA1B570C3910,
					973701A7C226DCB90A70F1F6,
					7E855BB0725F536250A39C12,
					1EC28B8263347BE35E366B7A,
					0FC344171A3C4ECD2A4F41BC,
					C2146A221CC15B888B1A2CB4,
					945A6DDE93E60566B2E0EBEA,
					ECD3D4D3CFDA97EDC20FA51B,
					16A41C56B628EE3E91440487,
					8579FC889BB38A63585FCEA8, ); runOnlyForDeploymentPostprocessing = 0; };
		A57D0A334AA2FA4CE91847A1 = {isa = PBXNativeTarget; buildConfigurationList = 04EE81B6F67E1AEB3FBEF145; buildPhases = (
					6AA9A6A8DA6DC7C360A06242,
					B739AF9DE4801DF586D296C0,
					BBF4A135FE35EAD0616F4F0F,
					409C2BECAA8C2CF55E73E935, ); buildRules = ( ); dependencies = (
					9588FD83DB99AB64E123C827, ); name = "WillStereoDelay - AU"; productName = WillStereoDelay; productReference = 028CF5AC39C7A578E6A57A0F; productType = "com.apple.product-type.bundle"; };
		27DB0AB319013DB4BC529230 = {isa = XCConfigurationList; buildConfigurations = (
					4F3AF1A39140D8BE4244CF90,
					A3BFE217255B46AF300FE66D, ); defaultConfigurationIsVisible = 0; defaultConfigurationName = Debug; };
		0AC4957C5A1FE8E410B8BFA4 = {isa = PBXResourcesBuildPhase; buildActionMask = 2147483647; files = (
					206DD6987A122A915B904961, ); runOnlyForDeploymentPostprocessing = 0; };
		DECB3103F63A15743E3DD8C4 = {isa = PBXSourcesBuildPhase; buildActionMask = 2147483647; files = (
					4A0706EB0A1BD246004DBF24, ); runOnlyForDeploymentPostprocessing = 0; };
		4C100C0258CEC8C14C73330F = {isa = PBXFrameworksBuildPhase; buildActionMask = 2147483647; files = (
					4C3C28C13E71C05F3E77CB84,
					6C6EC355A51C0AFFA48B1A16,
					9285C3167B19DB6E5DE8E266,
					4214F61D2A1CCFA439543C7D,
					3B16B2116B82135E55A8F8C4,
					EC76D48E2E18BA1B570C3910,
					973701A7C226DCB90A70F1F6,
					1EC28B8263347BE35E366B7A,
					0FC344171A3C4ECD2A4F41BC,
					C2146A221CC15B888B1A2CB4,
					945A6DDE93E60566B2E0EBEA,
					ECD3D4D3CFDA97EDC20FA51B,
					16A41C56B628EE3E91440487,
					8579FC889BB38A63585FCEA8, ); runOnlyForDeploymentPostprocessing = 0; };
		31C425EE0000AF7AF980F6E3 = {isa = PBXNativeTarget; buildConfigurationList = 27DB0AB319013DB4BC529230; buildPhases = (
					0AC4957C5A1FE8E410B8BFA4,
					DECB3103F63A15743E3DD8C4,
					4C100C0258CEC8C14C73330F, ); buildRules = ( ); dependencies = (
					9588FD83DB99AB64E123C827, ); name = "WillStereoDelay - Standalone Plugin"; productName = WillStereoDelay; productReference = 77D4AA1957591F4F3F01BB66; productType = "com.apple.product-type.application"; };
		75B81EC6C45597353AFC8739 = {isa = XCConfigurationList; buildConfigurations = (
					1C2E8423EAF95CD90B31115A,
					98636E31770D53971B345D18, ); defaultConfigurationIsVisible = 0; defaultConfigurationName = Debug; };
		0E95934BC46753DB8C638EA7 = {isa = PBXSourcesBuildPhase; buildActionMask = 2147483647; files = (
					995BD761E2B04259258DCFB0,
					7AB962A3DEBDABDE46EC77DE,
					D5D40B6639F1D34399B6A16E,
					48E756B7D962BA5FDD01BE59,
					4336847F18B9C972152CEF0D,
					A08A20D2495FDCAA46968467,
					B69E87A94A4AB1B31E70FED2,
					E8FF413B25A11199C9F3A2ED,
					5108EDA1700F9B11F66F5FD6,
					33EFC5723D4B9885829B2168,
					7E37D5ABE3FFB61BDE9C2EF8,
					D1BAA4A1432103D47914763A,
					D7FFA0A24106A43E3FB9D7AF,
					02A191654AB0D1A825B87587,
					7C545B73F8E9E8902D78B41B,
					9B28A86295A0A4D4BAE76FBC,
					F0E880E8AC90160D593F41B5,
					62D092E14E832514771869DD,
					7E047A1F4765452D5009E037,
					0F35861554B039552A4D691A,
					D32FC7C2478F15A765CFC6F2,
					78295A9769E93B9B146BDC37,
					8A2D26346BE8629BF039ED65, ); runOnlyForDeploymentPostprocessing = 0; };
		32F2B413F58DBB37115DEBF4 = {isa = PBXNativeTarget; buildConfigurationList = 75B81EC6C45597353AFC8739; buildPhases = (
					0E95934BC46753DB8C638EA7, ); buildRules = ( ); dependencies = (  ); name = "WillStereoDelay - Shared Code"; productName = WillStereoDelay; productReference = 677DA9880D21BC06A10A40D9; productType = "com.apple.product-type.library.static"; };
		5A0323D2BE48D1E2F52B1BAA = {isa = PBXProject; buildConfigurationList = 7E1DFFCCB762519DB8043AE0; attributes = { LastUpgradeCheck = 0830; ORGANIZATIONNAME = ""; TargetAttributes = { EE0761A687CD16114368EFE3 = { SystemCapabilities = {com.apple.ApplicationGroups.iOS = { enabled = 0; }; com.apple.InAppPurchase = { enabled = 0; }; com.apple.InterAppAudio = { enabled = 0; }; com.apple.Push = { enabled = 0; }; com.apple.Sandbox = { enabled = 0; }; }; };8A51ABDDF9D12A890D88CECE = { SystemCapabilities = {com.apple.ApplicationGroups.iOS = { enabled = 0; }; com.apple.InAppPurchase = { enabled = 0; }; com.apple.InterAppAudio = { enabled = 0; }; com.apple.Push = { enabled = 0; }; com.apple.Sandbox = { enabled = 0; }; }; };A57D0A334AA2FA4CE91847A1 = { SystemCapabilities = {com.apple.ApplicationGroups.iOS = { enabled = 0; }; com.apple.InAppPurchase = { enabled = 0; }; com.apple.InterAppAudio = { enabled = 0; }; com.apple.Push = { enabled = 0; }; com.apple.Sandbox = { enabled = 0; }; }; };31C425EE0000AF7AF980F6E3 = { SystemCapabilities = {com.apple.ApplicationGroups.iOS = { enabled = 0; }; com.apple.InAppPurchase = { enabled = 0; }; com.apple.InterAppAudio = { enabled = 0; }; com.apple.Push = { enabled = 0; }; com.apple.Sandbox = { enabled = 0; }; }; };32F2B413F58DBB37115DEBF4 = { SystemCapabilities = {com.apple.ApplicationGroups.iOS = { enabled = 0; }; com.apple.InAppPurchase = { enabled = 0; }; com.apple.InterAppAudio = { enabled = 0; }; com.apple.Push = { enabled = 0; }; com.apple.Sandbox = { enabled = 0; }; }; }; }; }; compatibilityVersion = "Xcode 3.2"; hasScannedForEncodings = 0; mainGroup = A45BB35ED184BADA269E3F36; projectDirPath = ""; projectRoot = ""; targets = (EE0761A687CD16114368EFE3, 8A51ABDDF9D12A890D88CECE, A57D0A334AA2FA4CE91847A1, 31C425EE0000AF7AF980F6E3, 32F2B413F58DBB37115DEBF4); };
	};
	rootObject = 5A0323D2BE48D1E2F52B1BAA;
}
